
Microsoft Visual Studio Solution File, Format Version 12.00
Project("{FAE04EC0-301F-11D3-BF4B-00C04F79EFBC}") = "WLButSlendermanComponents", "WLButSlendermanComponents\WLButSlendermanComponents.csproj", "{87518BE9-73C3-4360-8200-FF99CF2E40D2}"
EndProject
Project("{FAE04EC0-301F-11D3-BF4B-00C04F79EFBC}") = "WLButSlenderman", "WLButSlenderman\WLButSlenderman.csproj", "{7F7460C1-D447-4AAB-9634-156A0E414481}"
EndProject
Global
	GlobalSection(SolutionConfigurationPlatforms) = preSolution
		Debug|Any CPU = Debug|Any CPU
		Release|Any CPU = Release|Any CPU
	EndGlobalSection
	GlobalSection(ProjectConfigurationPlatforms) = postSolution
		{5A2AEB7F-6532-4B8A-8C74-1E162E9E9871}.Debug|Any CPU.ActiveCfg = Debug|Any CPU
		{5A2AEB7F-6532-4B8A-8C74-1E162E9E9871}.Debug|Any CPU.Build.0 = Debug|Any CPU
		{5A2AEB7F-6532-4B8A-8C74-1E162E9E9871}.Release|Any CPU.ActiveCfg = Release|Any CPU
		{5A2AEB7F-6532-4B8A-8C74-1E162E9E9871}.Release|Any CPU.Build.0 = Release|Any CPU
		{87518BE9-73C3-4360-8200-FF99CF2E40D2}.Debug|Any CPU.ActiveCfg = Debug|Any CPU
		{87518BE9-73C3-4360-8200-FF99CF2E40D2}.Debug|Any CPU.Build.0 = Debug|Any CPU
		{87518BE9-73C3-4360-8200-FF99CF2E40D2}.Release|Any CPU.ActiveCfg = Release|Any CPU
		{87518BE9-73C3-4360-8200-FF99CF2E40D2}.Release|Any CPU.Build.0 = Release|Any CPU
		{7F7460C1-D447-4AAB-9634-156A0E414481}.Debug|Any CPU.ActiveCfg = Debug|Any CPU
		{7F7460C1-D447-4AAB-9634-156A0E414481}.Debug|Any CPU.Build.0 = Debug|Any CPU
		{7F7460C1-D447-4AAB-9634-156A0E414481}.Release|Any CPU.ActiveCfg = Release|Any CPU
		{7F7460C1-D447-4AAB-9634-156A0E414481}.Release|Any CPU.Build.0 = Release|Any CPU
	EndGlobalSection
EndGlobal
